
Microsoft Visual Studio Solution File, Format Version 12.00
# Visual Studio Version 17
VisualStudioVersion = 17.0.32112.339
MinimumVisualStudioVersion = 10.0.40219.1
Project("{9A19103F-16F7-4668-BE54-9A1E7A4F7556}") = "CAP3-EX2", "CAP3-EX2\CAP3-EX2.csproj", "{8C0209DF-7263-4A76-928B-C03A2D3C33B2}"
EndProject
Project("{2150E333-8FDC-42A3-9474-1A3956D46DE8}") = "Solution Items", "Solution Items", "{A065E694-F7CC-483F-8C72-2AD90B91D90C}"
	ProjectSection(SolutionItems) = preProject
		.editorconfig = .editorconfig
	EndProjectSection
EndProject
Global
	GlobalSection(SolutionConfigurationPlatforms) = preSolution
		Debug|Any CPU = Debug|Any CPU
		Release|Any CPU = Release|Any CPU
	EndGlobalSection
	GlobalSection(ProjectConfigurationPlatforms) = postSolution
		{8C0209DF-7263-4A76-928B-C03A2D3C33B2}.Debug|Any CPU.ActiveCfg = Debug|Any CPU
		{8C0209DF-7263-4A76-928B-C03A2D3C33B2}.Debug|Any CPU.Build.0 = Debug|Any CPU
		{8C0209DF-7263-4A76-928B-C03A2D3C33B2}.Release|Any CPU.ActiveCfg = Release|Any CPU
		{8C0209DF-7263-4A76-928B-C03A2D3C33B2}.Release|Any CPU.Build.0 = Release|Any CPU
	EndGlobalSection
	GlobalSection(SolutionProperties) = preSolution
		HideSolutionNode = FALSE
	EndGlobalSection
	GlobalSection(ExtensibilityGlobals) = postSolution
		SolutionGuid = {6EB14500-25AA-45D9-AEE9-E0F9681DEBA0}
	EndGlobalSection
EndGlobal
