
Microsoft Visual Studio Solution File, Format Version 12.00
# Visual Studio Version 17
VisualStudioVersion = 17.0.32112.339
MinimumVisualStudioVersion = 10.0.40219.1
Project("{FAE04EC0-301F-11D3-BF4B-00C04F79EFBC}") = "Stand Alone", "Stand Alone\Stand Alone.csproj", "{1C1116A5-38B3-409C-9687-5E4B415319BE}"
EndProject
Global
	GlobalSection(SolutionConfigurationPlatforms) = preSolution
		Debug|Any CPU = Debug|Any CPU
		Release|Any CPU = Release|Any CPU
	EndGlobalSection
	GlobalSection(ProjectConfigurationPlatforms) = postSolution
		{1C1116A5-38B3-409C-9687-5E4B415319BE}.Debug|Any CPU.ActiveCfg = Debug|Any CPU
		{1C1116A5-38B3-409C-9687-5E4B415319BE}.Debug|Any CPU.Build.0 = Debug|Any CPU
		{1C1116A5-38B3-409C-9687-5E4B415319BE}.Release|Any CPU.ActiveCfg = Release|Any CPU
		{1C1116A5-38B3-409C-9687-5E4B415319BE}.Release|Any CPU.Build.0 = Release|Any CPU
	EndGlobalSection
	GlobalSection(SolutionProperties) = preSolution
		HideSolutionNode = FALSE
	EndGlobalSection
	GlobalSection(ExtensibilityGlobals) = postSolution
		SolutionGuid = {D5B9A888-2186-4572-8121-1F07F42C086E}
	EndGlobalSection
EndGlobal
