
Microsoft Visual Studio Solution File, Format Version 12.00
# Visual Studio Version 17
VisualStudioVersion = 17.0.32112.339
MinimumVisualStudioVersion = 10.0.40219.1
Project("{FAE04EC0-301F-11D3-BF4B-00C04F79EFBC}") = "Exercicios2", "Exercicios2\Exercicios2.csproj", "{12E7CB35-D2E9-484F-B269-12A95189FE11}"
EndProject
Global
	GlobalSection(SolutionConfigurationPlatforms) = preSolution
		Debug|Any CPU = Debug|Any CPU
		Release|Any CPU = Release|Any CPU
	EndGlobalSection
	GlobalSection(ProjectConfigurationPlatforms) = postSolution
		{12E7CB35-D2E9-484F-B269-12A95189FE11}.Debug|Any CPU.ActiveCfg = Debug|Any CPU
		{12E7CB35-D2E9-484F-B269-12A95189FE11}.Debug|Any CPU.Build.0 = Debug|Any CPU
		{12E7CB35-D2E9-484F-B269-12A95189FE11}.Release|Any CPU.ActiveCfg = Release|Any CPU
		{12E7CB35-D2E9-484F-B269-12A95189FE11}.Release|Any CPU.Build.0 = Release|Any CPU
	EndGlobalSection
	GlobalSection(SolutionProperties) = preSolution
		HideSolutionNode = FALSE
	EndGlobalSection
	GlobalSection(ExtensibilityGlobals) = postSolution
		SolutionGuid = {9CFF6794-0F2D-46F4-BA42-F40BD4FD3460}
	EndGlobalSection
EndGlobal
