
Microsoft Visual Studio Solution File, Format Version 12.00
# Visual Studio Version 17
VisualStudioVersion = 17.0.32112.339
MinimumVisualStudioVersion = 10.0.40219.1
Project("{FAE04EC0-301F-11D3-BF4B-00C04F79EFBC}") = "MinhaAppVs", "MinhaAppVs\MinhaAppVs.csproj", "{C8018D9D-14F0-497B-93FC-8A59ABA0C860}"
EndProject
Global
	GlobalSection(SolutionConfigurationPlatforms) = preSolution
		Debug|Any CPU = Debug|Any CPU
		Release|Any CPU = Release|Any CPU
	EndGlobalSection
	GlobalSection(ProjectConfigurationPlatforms) = postSolution
		{C8018D9D-14F0-497B-93FC-8A59ABA0C860}.Debug|Any CPU.ActiveCfg = Debug|Any CPU
		{C8018D9D-14F0-497B-93FC-8A59ABA0C860}.Debug|Any CPU.Build.0 = Debug|Any CPU
		{C8018D9D-14F0-497B-93FC-8A59ABA0C860}.Release|Any CPU.ActiveCfg = Release|Any CPU
		{C8018D9D-14F0-497B-93FC-8A59ABA0C860}.Release|Any CPU.Build.0 = Release|Any CPU
	EndGlobalSection
	GlobalSection(SolutionProperties) = preSolution
		HideSolutionNode = FALSE
	EndGlobalSection
	GlobalSection(ExtensibilityGlobals) = postSolution
		SolutionGuid = {B1F69B75-0F40-4EBC-8ACA-1659F59FE15B}
	EndGlobalSection
EndGlobal
